
Microsoft Visual Studio Solution File, Format Version 12.00
# Visual Studio 15
VisualStudioVersion = 15.0.28307.1738
MinimumVisualStudioVersion = 10.0.40219.1
Project("{FAE04EC0-301F-11D3-BF4B-00C04F79EFBC}") = "School", "School\School.csproj", "{2963F937-964B-4B15-AD49-C9863F27F39A}"
EndProject
Global
	GlobalSection(SolutionConfigurationPlatforms) = preSolution
		Debug|Any CPU = Debug|Any CPU
		Release|Any CPU = Release|Any CPU
	EndGlobalSection
	GlobalSection(ProjectConfigurationPlatforms) = postSolution
		{2963F937-964B-4B15-AD49-C9863F27F39A}.Debug|Any CPU.ActiveCfg = Debug|Any CPU
		{2963F937-964B-4B15-AD49-C9863F27F39A}.Debug|Any CPU.Build.0 = Debug|Any CPU
		{2963F937-964B-4B15-AD49-C9863F27F39A}.Release|Any CPU.ActiveCfg = Release|Any CPU
		{2963F937-964B-4B15-AD49-C9863F27F39A}.Release|Any CPU.Build.0 = Release|Any CPU
	EndGlobalSection
	GlobalSection(SolutionProperties) = preSolution
		HideSolutionNode = FALSE
	EndGlobalSection
	GlobalSection(ExtensibilityGlobals) = postSolution
		SolutionGuid = {A424FAA3-CEF1-41DA-8C99-C4DFFC72E213}
	EndGlobalSection
EndGlobal
